<?xml version="1.0" encoding="utf-8"?>
<Project ToolsVersion="4.0" xmlns="http://schemas.microsoft.com/developer/msbuild/2003">
  <ItemGroup>
    <Filter Include="Resource Files">
      <UniqueIdentifier>{67DA6AB6-F800-4c08-8B7A-83BB121AAD01}</UniqueIdentifier>
      <Extensions>rc;ico;cur;bmp;dlg;rc2;rct;bin;rgs;gif;jpg;jpeg;jpe;resx;tiff;tif;png;wav;mfcribbon-ms</Extensions>
    </Filter>
    <Filter Include="Engine">
      <UniqueIdentifier>{c959264f-6923-4fad-8000-35b4dc028499}</UniqueIdentifier>
    </Filter>
    <Filter Include="Engine\Core">
      <UniqueIdentifier>{cac1b127-2659-44c9-8f91-c94a3f5ade22}</UniqueIdentifier>
    </Filter>
    <Filter Include="Engine\Support">
      <UniqueIdentifier>{0ed28fac-8a52-4211-8b2d-de65d15a9eb1}</UniqueIdentifier>
    </Filter>
    <Filter Include="Game">
      <UniqueIdentifier>{edca1313-9e0d-4a05-94f4-e2705cd2d7e8}</UniqueIdentifier>
    </Filter>
    <Filter Include="Game\Components">
      <UniqueIdentifier>{3062d028-9068-460c-9204-24a8052de2de}</UniqueIdentifier>
    </Filter>
    <Filter Include="Game\Worlds">
      <UniqueIdentifier>{c5b25212-a173-4844-bf64-b649d6bb7fda}</UniqueIdentifier>
    </Filter>
    <Filter Include="Engine\Components">
      <UniqueIdentifier>{c39db94d-6df5-436f-9b24-12087477a33c}</UniqueIdentifier>
    </Filter>
    <Filter Include="Game\Actors">
      <UniqueIdentifier>{fde41c28-5c10-4dd7-81ad-918db3ccf2d1}</UniqueIdentifier>
    </Filter>
  </ItemGroup>
  <ItemGroup>
    <Text Include="ReadMe.txt" />
  </ItemGroup>
  <ItemGroup>
    <ClInclude Include="Entity.h">
      <Filter>Engine\Core</Filter>
    </ClInclude>
    <ClInclude Include="World.h">
      <Filter>Engine\Core</Filter>
    </ClInclude>
    <ClInclude Include="Component.h">
      <Filter>Engine\Core</Filter>
    </ClInclude>
    <ClInclude Include="targetver.h">
      <Filter>Engine\Support</Filter>
    </ClInclude>
    <ClInclude Include="stdafx.h">
      <Filter>Engine\Support</Filter>
    </ClInclude>
    <ClInclude Include="Win.h">
      <Filter>Engine\Core</Filter>
    </ClInclude>
    <ClInclude Include="GameWorld.h">
      <Filter>Game\Worlds</Filter>
    </ClInclude>
    <ClInclude Include="Public.h">
      <Filter>Engine\Support</Filter>
    </ClInclude>
    <ClInclude Include="Player.h">
      <Filter>Game\Components</Filter>
    </ClInclude>
    <ClInclude Include="Transform.h">
      <Filter>Engine\Components</Filter>
    </ClInclude>
    <ClInclude Include="Sprite.h">
      <Filter>Engine\Components</Filter>
    </ClInclude>
    <ClInclude Include="Solid.h">
      <Filter>Engine\Components</Filter>
    </ClInclude>
    <ClInclude Include="Actor.h">
      <Filter>Engine\Core</Filter>
    </ClInclude>
    <ClInclude Include="RefActors.h">
      <Filter>Engine\Support</Filter>
    </ClInclude>
    <ClInclude Include="Bullet.h" />
  </ItemGroup>
  <ItemGroup>
    <ClCompile Include="Component.cpp">
      <Filter>Engine\Core</Filter>
    </ClCompile>
    <ClCompile Include="Entity.cpp">
      <Filter>Engine\Core</Filter>
    </ClCompile>
    <ClCompile Include="World.cpp">
      <Filter>Engine\Core</Filter>
    </ClCompile>
    <ClCompile Include="stdafx.cpp">
      <Filter>Engine\Support</Filter>
    </ClCompile>
    <ClCompile Include="drinix tech 3.1.cpp">
      <Filter>Engine\Support</Filter>
    </ClCompile>
    <ClCompile Include="Win.cpp">
      <Filter>Engine\Core</Filter>
    </ClCompile>
    <ClCompile Include="GameWorld.cpp">
      <Filter>Game\Worlds</Filter>
    </ClCompile>
    <ClCompile Include="Public.cpp">
      <Filter>Engine\Support</Filter>
    </ClCompile>
    <ClCompile Include="Player.cpp">
      <Filter>Game\Components</Filter>
    </ClCompile>
    <ClCompile Include="Transform.cpp">
      <Filter>Engine\Components</Filter>
    </ClCompile>
    <ClCompile Include="Sprite.cpp">
      <Filter>Engine\Components</Filter>
    </ClCompile>
    <ClCompile Include="Solid.cpp">
      <Filter>Engine\Components</Filter>
    </ClCompile>
    <ClCompile Include="Actor.cpp">
      <Filter>Engine\Core</Filter>
    </ClCompile>
    <ClCompile Include="Bullet.cpp" />
  </ItemGroup>
</Project>